// !$*UTF8*$!
{
	archiveVersion = 1;
	classes = {
	};
	objectVersion = 46;
	objects = {

/* Begin PBXBuildFile section */
		1768C9E01AB9B1E200ADE3AB /* main.m in Sources */ = {isa = PBXBuildFile; fileRef = 1768C9DF1AB9B1E200ADE3AB /* main.m */; };
		1768C9E31AB9B1E200ADE3AB /* AppDelegate.m in Sources */ = {isa = PBXBuildFile; fileRef = 1768C9E21AB9B1E200ADE3AB /* AppDelegate.m */; };
		1768C9E61AB9B1E200ADE3AB /* ViewController.m in Sources */ = {isa = PBXBuildFile; fileRef = 1768C9E51AB9B1E200ADE3AB /* ViewController.m */; };
		1768C9E91AB9B1E200ADE3AB /* Main.storyboard in Resources */ = {isa = PBXBuildFile; fileRef = 1768C9E71AB9B1E200ADE3AB /* Main.storyboard */; };
		1768C9EB1AB9B1E200ADE3AB /* Images.xcassets in Resources */ = {isa = PBXBuildFile; fileRef = 1768C9EA1AB9B1E200ADE3AB /* Images.xcassets */; };
		1768C9EE1AB9B1E200ADE3AB /* LaunchScreen.xib in Resources */ = {isa = PBXBuildFile; fileRef = 1768C9EC1AB9B1E200ADE3AB /* LaunchScreen.xib */; };
		1768C9FA1AB9B1E200ADE3AB /* iWatchTableViewTests.m in Sources */ = {isa = PBXBuildFile; fileRef = 1768C9F91AB9B1E200ADE3AB /* iWatchTableViewTests.m */; };
		1768CA0E1AB9B20600ADE3AB /* InterfaceController.m in Sources */ = {isa = PBXBuildFile; fileRef = 1768CA0D1AB9B20600ADE3AB /* InterfaceController.m */; };
		1768CA111AB9B20600ADE3AB /* NotificationController.m in Sources */ = {isa = PBXBuildFile; fileRef = 1768CA101AB9B20600ADE3AB /* NotificationController.m */; };
		1768CA131AB9B20600ADE3AB /* Images.xcassets in Resources */ = {isa = PBXBuildFile; fileRef = 1768CA121AB9B20600ADE3AB /* Images.xcassets */; };
		1768CA171AB9B20600ADE3AB /* iWatchTableView WatchKit App.app in Resources */ = {isa = PBXBuildFile; fileRef = 1768CA161AB9B20600ADE3AB /* iWatchTableView WatchKit App.app */; };
		1768CA1F1AB9B20600ADE3AB /* Interface.storyboard in Resources */ = {isa = PBXBuildFile; fileRef = 1768CA1D1AB9B20600ADE3AB /* Interface.storyboard */; };
		1768CA211AB9B20600ADE3AB /* Images.xcassets in Resources */ = {isa = PBXBuildFile; fileRef = 1768CA201AB9B20600ADE3AB /* Images.xcassets */; };
		1768CA241AB9B20600ADE3AB /* iWatchTableView WatchKit Extension.appex in Embed App Extensions */ = {isa = PBXBuildFile; fileRef = 1768CA071AB9B20600ADE3AB /* iWatchTableView WatchKit Extension.appex */; settings = {ATTRIBUTES = (RemoveHeadersOnCopy, ); }; };
		17A5FF751AC2E344006F87BD /* iWatchApp.mov in Resources */ = {isa = PBXBuildFile; fileRef = 17A5FF741AC2E343006F87BD /* iWatchApp.mov */; };
		17A5FF771AC2E636006F87BD /* iWatchApp.gif in Resources */ = {isa = PBXBuildFile; fileRef = 17A5FF761AC2E636006F87BD /* iWatchApp.gif */; };
		17A67B2C1AC3D4D1003D293D /* WatchTableViewInterfaceController.m in Sources */ = {isa = PBXBuildFile; fileRef = 17A67B2B1AC3D4D1003D293D /* WatchTableViewInterfaceController.m */; };
		17A67B2F1AC3D5B9003D293D /* CustomTableViewCell.m in Sources */ = {isa = PBXBuildFile; fileRef = 17A67B2E1AC3D5B9003D293D /* CustomTableViewCell.m */; };
		17A67B311AC3DECE003D293D /* built.io.gif in Resources */ = {isa = PBXBuildFile; fileRef = 17A67B301AC3DECE003D293D /* built.io.gif */; };
/* End PBXBuildFile section */

/* Begin PBXContainerItemProxy section */
		1768C9F41AB9B1E200ADE3AB /* PBXContainerItemProxy */ = {
			isa = PBXContainerItemProxy;
			containerPortal = 1768C9D21AB9B1E100ADE3AB /* Project object */;
			proxyType = 1;
			remoteGlobalIDString = 1768C9D91AB9B1E200ADE3AB;
			remoteInfo = iWatchTableView;
		};
		1768CA181AB9B20600ADE3AB /* PBXContainerItemProxy */ = {
			isa = PBXContainerItemProxy;
			containerPortal = 1768C9D21AB9B1E100ADE3AB /* Project object */;
			proxyType = 1;
			remoteGlobalIDString = 1768CA151AB9B20600ADE3AB;
			remoteInfo = "iWatchTableView WatchKit App";
		};
		1768CA221AB9B20600ADE3AB /* PBXContainerItemProxy */ = {
			isa = PBXContainerItemProxy;
			containerPortal = 1768C9D21AB9B1E100ADE3AB /* Project object */;
			proxyType = 1;
			remoteGlobalIDString = 1768CA061AB9B20600ADE3AB;
			remoteInfo = "iWatchTableView WatchKit Extension";
		};
/* End PBXContainerItemProxy section */

/* Begin PBXCopyFilesBuildPhase section */
		1768CA2B1AB9B20600ADE3AB /* Embed App Extensions */ = {
			isa = PBXCopyFilesBuildPhase;
			buildActionMask = 2147483647;
			dstPath = "";
			dstSubfolderSpec = 13;
			files = (
				1768CA241AB9B20600ADE3AB /* iWatchTableView WatchKit Extension.appex in Embed App Extensions */,
			);
			name = "Embed App Extensions";
			runOnlyForDeploymentPostprocessing = 0;
		};
/* End PBXCopyFilesBuildPhase section */

/* Begin PBXFileReference section */
		1768C9DA1AB9B1E200ADE3AB /* iWatchTableView.app */ = {isa = PBXFileReference; explicitFileType = wrapper.application; includeInIndex = 0; path = iWatchTableView.app; sourceTree = BUILT_PRODUCTS_DIR; };
		1768C9DE1AB9B1E200ADE3AB /* Info.plist */ = {isa = PBXFileReference; lastKnownFileType = text.plist.xml; path = Info.plist; sourceTree = "<group>"; };
		1768C9DF1AB9B1E200ADE3AB /* main.m */ = {isa = PBXFileReference; lastKnownFileType = sourcecode.c.objc; path = main.m; sourceTree = "<group>"; };
		1768C9E11AB9B1E200ADE3AB /* AppDelegate.h */ = {isa = PBXFileReference; lastKnownFileType = sourcecode.c.h; path = AppDelegate.h; sourceTree = "<group>"; };
		1768C9E21AB9B1E200ADE3AB /* AppDelegate.m */ = {isa = PBXFileReference; lastKnownFileType = sourcecode.c.objc; path = AppDelegate.m; sourceTree = "<group>"; };
		1768C9E41AB9B1E200ADE3AB /* ViewController.h */ = {isa = PBXFileReference; lastKnownFileType = sourcecode.c.h; path = ViewController.h; sourceTree = "<group>"; };
		1768C9E51AB9B1E200ADE3AB /* ViewController.m */ = {isa = PBXFileReference; lastKnownFileType = sourcecode.c.objc; path = ViewController.m; sourceTree = "<group>"; };
		1768C9E81AB9B1E200ADE3AB /* Base */ = {isa = PBXFileReference; lastKnownFileType = file.storyboard; name = Base; path = Base.lproj/Main.storyboard; sourceTree = "<group>"; };
		1768C9EA1AB9B1E200ADE3AB /* Images.xcassets */ = {isa = PBXFileReference; lastKnownFileType = folder.assetcatalog; path = Images.xcassets; sourceTree = "<group>"; };
		1768C9ED1AB9B1E200ADE3AB /* Base */ = {isa = PBXFileReference; lastKnownFileType = file.xib; name = Base; path = Base.lproj/LaunchScreen.xib; sourceTree = "<group>"; };
		1768C9F31AB9B1E200ADE3AB /* iWatchTableViewTests.xctest */ = {isa = PBXFileReference; explicitFileType = wrapper.cfbundle; includeInIndex = 0; path = iWatchTableViewTests.xctest; sourceTree = BUILT_PRODUCTS_DIR; };
		1768C9F81AB9B1E200ADE3AB /* Info.plist */ = {isa = PBXFileReference; lastKnownFileType = text.plist.xml; path = Info.plist; sourceTree = "<group>"; };
		1768C9F91AB9B1E200ADE3AB /* iWatchTableViewTests.m */ = {isa = PBXFileReference; lastKnownFileType = sourcecode.c.objc; path = iWatchTableViewTests.m; sourceTree = "<group>"; };
		1768CA071AB9B20600ADE3AB /* iWatchTableView WatchKit Extension.appex */ = {isa = PBXFileReference; explicitFileType = "wrapper.app-extension"; includeInIndex = 0; path = "iWatchTableView WatchKit Extension.appex"; sourceTree = BUILT_PRODUCTS_DIR; };
		1768CA0A1AB9B20600ADE3AB /* Info.plist */ = {isa = PBXFileReference; lastKnownFileType = text.plist.xml; path = Info.plist; sourceTree = "<group>"; };
		1768CA0B1AB9B20600ADE3AB /* PushNotificationPayload.apns */ = {isa = PBXFileReference; lastKnownFileType = text; path = PushNotificationPayload.apns; sourceTree = "<group>"; };
		1768CA0C1AB9B20600ADE3AB /* InterfaceController.h */ = {isa = PBXFileReference; lastKnownFileType = sourcecode.c.h; path = InterfaceController.h; sourceTree = "<group>"; };
		1768CA0D1AB9B20600ADE3AB /* InterfaceController.m */ = {isa = PBXFileReference; lastKnownFileType = sourcecode.c.objc; path = InterfaceController.m; sourceTree = "<group>"; };
		1768CA0F1AB9B20600ADE3AB /* NotificationController.h */ = {isa = PBXFileReference; lastKnownFileType = sourcecode.c.h; path = NotificationController.h; sourceTree = "<group>"; };
		1768CA101AB9B20600ADE3AB /* NotificationController.m */ = {isa = PBXFileReference; lastKnownFileType = sourcecode.c.objc; path = NotificationController.m; sourceTree = "<group>"; };
		1768CA121AB9B20600ADE3AB /* Images.xcassets */ = {isa = PBXFileReference; lastKnownFileType = folder.assetcatalog; path = Images.xcassets; sourceTree = "<group>"; };
		1768CA161AB9B20600ADE3AB /* iWatchTableView WatchKit App.app */ = {isa = PBXFileReference; explicitFileType = wrapper.application; includeInIndex = 0; path = "iWatchTableView WatchKit App.app"; sourceTree = BUILT_PRODUCTS_DIR; };
		1768CA1C1AB9B20600ADE3AB /* Info.plist */ = {isa = PBXFileReference; lastKnownFileType = text.plist.xml; path = Info.plist; sourceTree = "<group>"; };
		1768CA1E1AB9B20600ADE3AB /* Base */ = {isa = PBXFileReference; lastKnownFileType = file.storyboard; name = Base; path = Base.lproj/Interface.storyboard; sourceTree = "<group>"; };
		1768CA201AB9B20600ADE3AB /* Images.xcassets */ = {isa = PBXFileReference; lastKnownFileType = folder.assetcatalog; path = Images.xcassets; sourceTree = "<group>"; };
		17A5FF741AC2E343006F87BD /* iWatchApp.mov */ = {isa = PBXFileReference; lastKnownFileType = video.quicktime; path = iWatchApp.mov; sourceTree = "<group>"; };
		17A5FF761AC2E636006F87BD /* iWatchApp.gif */ = {isa = PBXFileReference; lastKnownFileType = image.gif; path = iWatchApp.gif; sourceTree = "<group>"; };
		17A67B2A1AC3D4D1003D293D /* WatchTableViewInterfaceController.h */ = {isa = PBXFileReference; fileEncoding = 4; lastKnownFileType = sourcecode.c.h; path = WatchTableViewInterfaceController.h; sourceTree = "<group>"; };
		17A67B2B1AC3D4D1003D293D /* WatchTableViewInterfaceController.m */ = {isa = PBXFileReference; fileEncoding = 4; lastKnownFileType = sourcecode.c.objc; path = WatchTableViewInterfaceController.m; sourceTree = "<group>"; };
		17A67B2D1AC3D5B8003D293D /* CustomTableViewCell.h */ = {isa = PBXFileReference; fileEncoding = 4; lastKnownFileType = sourcecode.c.h; path = CustomTableViewCell.h; sourceTree = "<group>"; };
		17A67B2E1AC3D5B9003D293D /* CustomTableViewCell.m */ = {isa = PBXFileReference; fileEncoding = 4; lastKnownFileType = sourcecode.c.objc; path = CustomTableViewCell.m; sourceTree = "<group>"; };
		17A67B301AC3DECE003D293D /* built.io.gif */ = {isa = PBXFileReference; lastKnownFileType = image.gif; path = built.io.gif; sourceTree = "<group>"; };
/* End PBXFileReference section */

/* Begin PBXFrameworksBuildPhase section */
		1768C9D71AB9B1E200ADE3AB /* Frameworks */ = {
			isa = PBXFrameworksBuildPhase;
			buildActionMask = 2147483647;
			files = (
			);
			runOnlyForDeploymentPostprocessing = 0;
		};
		1768C9F01AB9B1E200ADE3AB /* Frameworks */ = {
			isa = PBXFrameworksBuildPhase;
			buildActionMask = 2147483647;
			files = (
			);
			runOnlyForDeploymentPostprocessing = 0;
		};
		1768CA041AB9B20600ADE3AB /* Frameworks */ = {
			isa = PBXFrameworksBuildPhase;
			buildActionMask = 2147483647;
			files = (
			);
			runOnlyForDeploymentPostprocessing = 0;
		};
/* End PBXFrameworksBuildPhase section */

/* Begin PBXGroup section */
		1768C9D11AB9B1E100ADE3AB = {
			isa = PBXGroup;
			children = (
				1768C9DC1AB9B1E200ADE3AB /* iWatchTableView */,
				1768C9F61AB9B1E200ADE3AB /* iWatchTableViewTests */,
				1768CA081AB9B20600ADE3AB /* iWatchTableView WatchKit Extension */,
				1768CA1A1AB9B20600ADE3AB /* iWatchTableView WatchKit App */,
				1768C9DB1AB9B1E200ADE3AB /* Products */,
			);
			sourceTree = "<group>";
		};
		1768C9DB1AB9B1E200ADE3AB /* Products */ = {
			isa = PBXGroup;
			children = (
				1768C9DA1AB9B1E200ADE3AB /* iWatchTableView.app */,
				1768C9F31AB9B1E200ADE3AB /* iWatchTableViewTests.xctest */,
				1768CA071AB9B20600ADE3AB /* iWatchTableView WatchKit Extension.appex */,
				1768CA161AB9B20600ADE3AB /* iWatchTableView WatchKit App.app */,
			);
			name = Products;
			sourceTree = "<group>";
		};
		1768C9DC1AB9B1E200ADE3AB /* iWatchTableView */ = {
			isa = PBXGroup;
			children = (
				1768C9E11AB9B1E200ADE3AB /* AppDelegate.h */,
				1768C9E21AB9B1E200ADE3AB /* AppDelegate.m */,
				1768C9E41AB9B1E200ADE3AB /* ViewController.h */,
				1768C9E51AB9B1E200ADE3AB /* ViewController.m */,
				1768C9E71AB9B1E200ADE3AB /* Main.storyboard */,
				1768C9EA1AB9B1E200ADE3AB /* Images.xcassets */,
				1768C9EC1AB9B1E200ADE3AB /* LaunchScreen.xib */,
				1768C9DD1AB9B1E200ADE3AB /* Supporting Files */,
			);
			path = iWatchTableView;
			sourceTree = "<group>";
		};
		1768C9DD1AB9B1E200ADE3AB /* Supporting Files */ = {
			isa = PBXGroup;
			children = (
				17A5FF741AC2E343006F87BD /* iWatchApp.mov */,
				17A5FF761AC2E636006F87BD /* iWatchApp.gif */,
				17A67B301AC3DECE003D293D /* built.io.gif */,
				1768C9DE1AB9B1E200ADE3AB /* Info.plist */,
				1768C9DF1AB9B1E200ADE3AB /* main.m */,
			);
			name = "Supporting Files";
			sourceTree = "<group>";
		};
		1768C9F61AB9B1E200ADE3AB /* iWatchTableViewTests */ = {
			isa = PBXGroup;
			children = (
				1768C9F91AB9B1E200ADE3AB /* iWatchTableViewTests.m */,
				1768C9F71AB9B1E200ADE3AB /* Supporting Files */,
			);
			path = iWatchTableViewTests;
			sourceTree = "<group>";
		};
		1768C9F71AB9B1E200ADE3AB /* Supporting Files */ = {
			isa = PBXGroup;
			children = (
				1768C9F81AB9B1E200ADE3AB /* Info.plist */,
			);
			name = "Supporting Files";
			sourceTree = "<group>";
		};
		1768CA081AB9B20600ADE3AB /* iWatchTableView WatchKit Extension */ = {
			isa = PBXGroup;
			children = (
				17A67B2D1AC3D5B8003D293D /* CustomTableViewCell.h */,
				17A67B2E1AC3D5B9003D293D /* CustomTableViewCell.m */,
				1768CA0C1AB9B20600ADE3AB /* InterfaceController.h */,
				1768CA0D1AB9B20600ADE3AB /* InterfaceController.m */,
				17A67B2A1AC3D4D1003D293D /* WatchTableViewInterfaceController.h */,
				17A67B2B1AC3D4D1003D293D /* WatchTableViewInterfaceController.m */,
				1768CA0F1AB9B20600ADE3AB /* NotificationController.h */,
				1768CA101AB9B20600ADE3AB /* NotificationController.m */,
				1768CA121AB9B20600ADE3AB /* Images.xcassets */,
				1768CA091AB9B20600ADE3AB /* Supporting Files */,
			);
			path = "iWatchTableView WatchKit Extension";
			sourceTree = "<group>";
		};
		1768CA091AB9B20600ADE3AB /* Supporting Files */ = {
			isa = PBXGroup;
			children = (
				1768CA0A1AB9B20600ADE3AB /* Info.plist */,
				1768CA0B1AB9B20600ADE3AB /* PushNotificationPayload.apns */,
			);
			name = "Supporting Files";
			sourceTree = "<group>";
		};
		1768CA1A1AB9B20600ADE3AB /* iWatchTableView WatchKit App */ = {
			isa = PBXGroup;
			children = (
				1768CA1D1AB9B20600ADE3AB /* Interface.storyboard */,
				1768CA201AB9B20600ADE3AB /* Images.xcassets */,
				1768CA1B1AB9B20600ADE3AB /* Supporting Files */,
			);
			path = "iWatchTableView WatchKit App";
			sourceTree = "<group>";
		};
		1768CA1B1AB9B20600ADE3AB /* Supporting Files */ = {
			isa = PBXGroup;
			children = (
				1768CA1C1AB9B20600ADE3AB /* Info.plist */,
			);
			name = "Supporting Files";
			sourceTree = "<group>";
		};
/* End PBXGroup section */

/* Begin PBXNativeTarget section */
		1768C9D91AB9B1E200ADE3AB /* iWatchTableView */ = {
			isa = PBXNativeTarget;
			buildConfigurationList = 1768C9FD1AB9B1E200ADE3AB /* Build configuration list for PBXNativeTarget "iWatchTableView" */;
			buildPhases = (
				1768C9D61AB9B1E200ADE3AB /* Sources */,
				1768C9D71AB9B1E200ADE3AB /* Frameworks */,
				1768C9D81AB9B1E200ADE3AB /* Resources */,
				1768CA2B1AB9B20600ADE3AB /* Embed App Extensions */,
			);
			buildRules = (
			);
			dependencies = (
				1768CA231AB9B20600ADE3AB /* PBXTargetDependency */,
			);
			name = iWatchTableView;
			productName = iWatchTableView;
			productReference = 1768C9DA1AB9B1E200ADE3AB /* iWatchTableView.app */;
			productType = "com.apple.product-type.application";
		};
		1768C9F21AB9B1E200ADE3AB /* iWatchTableViewTests */ = {
			isa = PBXNativeTarget;
			buildConfigurationList = 1768CA001AB9B1E200ADE3AB /* Build configuration list for PBXNativeTarget "iWatchTableViewTests" */;
			buildPhases = (
				1768C9EF1AB9B1E200ADE3AB /* Sources */,
				1768C9F01AB9B1E200ADE3AB /* Frameworks */,
				1768C9F11AB9B1E200ADE3AB /* Resources */,
			);
			buildRules = (
			);
			dependencies = (
				1768C9F51AB9B1E200ADE3AB /* PBXTargetDependency */,
			);
			name = iWatchTableViewTests;
			productName = iWatchTableViewTests;
			productReference = 1768C9F31AB9B1E200ADE3AB /* iWatchTableViewTests.xctest */;
			productType = "com.apple.product-type.bundle.unit-test";
		};
		1768CA061AB9B20600ADE3AB /* iWatchTableView WatchKit Extension */ = {
			isa = PBXNativeTarget;
			buildConfigurationList = 1768CA281AB9B20600ADE3AB /* Build configuration list for PBXNativeTarget "iWatchTableView WatchKit Extension" */;
			buildPhases = (
				1768CA031AB9B20600ADE3AB /* Sources */,
				1768CA041AB9B20600ADE3AB /* Frameworks */,
				1768CA051AB9B20600ADE3AB /* Resources */,
			);
			buildRules = (
			);
			dependencies = (
				1768CA191AB9B20600ADE3AB /* PBXTargetDependency */,
			);
			name = "iWatchTableView WatchKit Extension";
			productName = "iWatchTableView WatchKit Extension";
			productReference = 1768CA071AB9B20600ADE3AB /* iWatchTableView WatchKit Extension.appex */;
			productType = "com.apple.product-type.watchkit-extension";
		};
		1768CA151AB9B20600ADE3AB /* iWatchTableView WatchKit App */ = {
			isa = PBXNativeTarget;
			buildConfigurationList = 1768CA251AB9B20600ADE3AB /* Build configuration list for PBXNativeTarget "iWatchTableView WatchKit App" */;
			buildPhases = (
				1768CA141AB9B20600ADE3AB /* Resources */,
			);
			buildRules = (
			);
			dependencies = (
			);
			name = "iWatchTableView WatchKit App";
			productName = "iWatchTableView WatchKit App";
			productReference = 1768CA161AB9B20600ADE3AB /* iWatchTableView WatchKit App.app */;
			productType = "com.apple.product-type.application.watchapp";
		};
/* End PBXNativeTarget section */

/* Begin PBXProject section */
		1768C9D21AB9B1E100ADE3AB /* Project object */ = {
			isa = PBXProject;
			attributes = {
				LastUpgradeCheck = 0620;
				ORGANIZATIONNAME = "Vinod Vishwakarma";
				TargetAttributes = {
					1768C9D91AB9B1E200ADE3AB = {
						CreatedOnToolsVersion = 6.2;
					};
					1768C9F21AB9B1E200ADE3AB = {
						CreatedOnToolsVersion = 6.2;
						TestTargetID = 1768C9D91AB9B1E200ADE3AB;
					};
					1768CA061AB9B20600ADE3AB = {
						CreatedOnToolsVersion = 6.2;
					};
					1768CA151AB9B20600ADE3AB = {
						CreatedOnToolsVersion = 6.2;
					};
				};
			};
			buildConfigurationList = 1768C9D51AB9B1E100ADE3AB /* Build configuration list for PBXProject "iWatchTableView" */;
			compatibilityVersion = "Xcode 3.2";
			developmentRegion = English;
			hasScannedForEncodings = 0;
			knownRegions = (
				en,
				Base,
			);
			mainGroup = 1768C9D11AB9B1E100ADE3AB;
			productRefGroup = 1768C9DB1AB9B1E200ADE3AB /* Products */;
			projectDirPath = "";
			projectRoot = "";
			targets = (
				1768C9D91AB9B1E200ADE3AB /* iWatchTableView */,
				1768C9F21AB9B1E200ADE3AB /* iWatchTableViewTests */,
				1768CA061AB9B20600ADE3AB /* iWatchTableView WatchKit Extension */,
				1768CA151AB9B20600ADE3AB /* iWatchTableView WatchKit App */,
			);
		};
/* End PBXProject section */

/* Begin PBXResourcesBuildPhase section */
		1768C9D81AB9B1E200ADE3AB /* Resources */ = {
			isa = PBXResourcesBuildPhase;
			buildActionMask = 2147483647;
			files = (
				17A5FF771AC2E636006F87BD /* iWatchApp.gif in Resources */,
				17A67B311AC3DECE003D293D /* built.io.gif in Resources */,
				1768C9E91AB9B1E200ADE3AB /* Main.storyboard in Resources */,
				1768C9EE1AB9B1E200ADE3AB /* LaunchScreen.xib in Resources */,
				17A5FF751AC2E344006F87BD /* iWatchApp.mov in Resources */,
				1768C9EB1AB9B1E200ADE3AB /* Images.xcassets in Resources */,
			);
			runOnlyForDeploymentPostprocessing = 0;
		};
		1768C9F11AB9B1E200ADE3AB /* Resources */ = {
			isa = PBXResourcesBuildPhase;
			buildActionMask = 2147483647;
			files = (
			);
			runOnlyForDeploymentPostprocessing = 0;
		};
		1768CA051AB9B20600ADE3AB /* Resources */ = {
			isa = PBXResourcesBuildPhase;
			buildActionMask = 2147483647;
			files = (
				1768CA171AB9B20600ADE3AB /* iWatchTableView WatchKit App.app in Resources */,
				1768CA131AB9B20600ADE3AB /* Images.xcassets in Resources */,
			);
			runOnlyForDeploymentPostprocessing = 0;
		};
		1768CA141AB9B20600ADE3AB /* Resources */ = {
			isa = PBXResourcesBuildPhase;
			buildActionMask = 2147483647;
			files = (
				1768CA1F1AB9B20600ADE3AB /* Interface.storyboard in Resources */,
				1768CA211AB9B20600ADE3AB /* Images.xcassets in Resources */,
			);
			runOnlyForDeploymentPostprocessing = 0;
		};
/* End PBXResourcesBuildPhase section */

/* Begin PBXSourcesBuildPhase section */
		1768C9D61AB9B1E200ADE3AB /* Sources */ = {
			isa = PBXSourcesBuildPhase;
			buildActionMask = 2147483647;
			files = (
				1768C9E61AB9B1E200ADE3AB /* ViewController.m in Sources */,
				1768C9E31AB9B1E200ADE3AB /* AppDelegate.m in Sources */,
				1768C9E01AB9B1E200ADE3AB /* main.m in Sources */,
			);
			runOnlyForDeploymentPostprocessing = 0;
		};
		1768C9EF1AB9B1E200ADE3AB /* Sources */ = {
			isa = PBXSourcesBuildPhase;
			buildActionMask = 2147483647;
			files = (
				1768C9FA1AB9B1E200ADE3AB /* iWatchTableViewTests.m in Sources */,
			);
			runOnlyForDeploymentPostprocessing = 0;
		};
		1768CA031AB9B20600ADE3AB /* Sources */ = {
			isa = PBXSourcesBuildPhase;
			buildActionMask = 2147483647;
			files = (
				1768CA111AB9B20600ADE3AB /* NotificationController.m in Sources */,
				1768CA0E1AB9B20600ADE3AB /* InterfaceController.m in Sources */,
				17A67B2F1AC3D5B9003D293D /* CustomTableViewCell.m in Sources */,
				17A67B2C1AC3D4D1003D293D /* WatchTableViewInterfaceController.m in Sources */,
			);
			runOnlyForDeploymentPostprocessing = 0;
		};
/* End PBXSourcesBuildPhase section */

/* Begin PBXTargetDependency section */
		1768C9F51AB9B1E200ADE3AB /* PBXTargetDependency */ = {
			isa = PBXTargetDependency;
			target = 1768C9D91AB9B1E200ADE3AB /* iWatchTableView */;
			targetProxy = 1768C9F41AB9B1E200ADE3AB /* PBXContainerItemProxy */;
		};
		1768CA191AB9B20600ADE3AB /* PBXTargetDependency */ = {
			isa = PBXTargetDependency;
			target = 1768CA151AB9B20600ADE3AB /* iWatchTableView WatchKit App */;
			targetProxy = 1768CA181AB9B20600ADE3AB /* PBXContainerItemProxy */;
		};
		1768CA231AB9B20600ADE3AB /* PBXTargetDependency */ = {
			isa = PBXTargetDependency;
			target = 1768CA061AB9B20600ADE3AB /* iWatchTableView WatchKit Extension */;
			targetProxy = 1768CA221AB9B20600ADE3AB /* PBXContainerItemProxy */;
		};
/* End PBXTargetDependency section */

/* Begin PBXVariantGroup section */
		1768C9E71AB9B1E200ADE3AB /* Main.storyboard */ = {
			isa = PBXVariantGroup;
			children = (
				1768C9E81AB9B1E200ADE3AB /* Base */,
			);
			name = Main.storyboard;
			sourceTree = "<group>";
		};
		1768C9EC1AB9B1E200ADE3AB /* LaunchScreen.xib */ = {
			isa = PBXVariantGroup;
			children = (
				1768C9ED1AB9B1E200ADE3AB /* Base */,
			);
			name = LaunchScreen.xib;
			sourceTree = "<group>";
		};
		1768CA1D1AB9B20600ADE3AB /* Interface.storyboard */ = {
			isa = PBXVariantGroup;
			children = (
				1768CA1E1AB9B20600ADE3AB /* Base */,
			);
			name = Interface.storyboard;
			sourceTree = "<group>";
		};
/* End PBXVariantGroup section */

/* Begin XCBuildConfiguration section */
		1768C9FB1AB9B1E200ADE3AB /* Debug */ = {
			isa = XCBuildConfiguration;
			buildSettings = {
				ALWAYS_SEARCH_USER_PATHS = NO;
				CLANG_CXX_LANGUAGE_STANDARD = "gnu++0x";
				CLANG_CXX_LIBRARY = "libc++";
				CLANG_ENABLE_MODULES = YES;
				CLANG_ENABLE_OBJC_ARC = YES;
				CLANG_WARN_BOOL_CONVERSION = YES;
				CLANG_WARN_CONSTANT_CONVERSION = YES;
				CLANG_WARN_DIRECT_OBJC_ISA_USAGE = YES_ERROR;
				CLANG_WARN_EMPTY_BODY = YES;
				CLANG_WARN_ENUM_CONVERSION = YES;
				CLANG_WARN_INT_CONVERSION = YES;
				CLANG_WARN_OBJC_ROOT_CLASS = YES_ERROR;
				CLANG_WARN_UNREACHABLE_CODE = YES;
				CLANG_WARN__DUPLICATE_METHOD_MATCH = YES;
				"CODE_SIGN_IDENTITY[sdk=iphoneos*]" = "iPhone Developer";
				COPY_PHASE_STRIP = NO;
				ENABLE_STRICT_OBJC_MSGSEND = YES;
				GCC_C_LANGUAGE_STANDARD = gnu99;
				GCC_DYNAMIC_NO_PIC = NO;
				GCC_OPTIMIZATION_LEVEL = 0;
				GCC_PREPROCESSOR_DEFINITIONS = (
					"DEBUG=1",
					"$(inherited)",
				);
				GCC_SYMBOLS_PRIVATE_EXTERN = NO;
				GCC_WARN_64_TO_32_BIT_CONVERSION = YES;
				GCC_WARN_ABOUT_RETURN_TYPE = YES_ERROR;
				GCC_WARN_UNDECLARED_SELECTOR = YES;
				GCC_WARN_UNINITIALIZED_AUTOS = YES_AGGRESSIVE;
				GCC_WARN_UNUSED_FUNCTION = YES;
				GCC_WARN_UNUSED_VARIABLE = YES;
				IPHONEOS_DEPLOYMENT_TARGET = 8.2;
				MTL_ENABLE_DEBUG_INFO = YES;
				ONLY_ACTIVE_ARCH = YES;
				SDKROOT = iphoneos;
			};
			name = Debug;
		};
		1768C9FC1AB9B1E200ADE3AB /* Release */ = {
			isa = XCBuildConfiguration;
			buildSettings = {
				ALWAYS_SEARCH_USER_PATHS = NO;
				CLANG_CXX_LANGUAGE_STANDARD = "gnu++0x";
				CLANG_CXX_LIBRARY = "libc++";
				CLANG_ENABLE_MODULES = YES;
				CLANG_ENABLE_OBJC_ARC = YES;
				CLANG_WARN_BOOL_CONVERSION = YES;
				CLANG_WARN_CONSTANT_CONVERSION = YES;
				CLANG_WARN_DIRECT_OBJC_ISA_USAGE = YES_ERROR;
				CLANG_WARN_EMPTY_BODY = YES;
				CLANG_WARN_ENUM_CONVERSION = YES;
				CLANG_WARN_INT_CONVERSION = YES;
				CLANG_WARN_OBJC_ROOT_CLASS = YES_ERROR;
				CLANG_WARN_UNREACHABLE_CODE = YES;
				CLANG_WARN__DUPLICATE_METHOD_MATCH = YES;
				"CODE_SIGN_IDENTITY[sdk=iphoneos*]" = "iPhone Developer";
				COPY_PHASE_STRIP = NO;
				ENABLE_NS_ASSERTIONS = NO;
				ENABLE_STRICT_OBJC_MSGSEND = YES;
				GCC_C_LANGUAGE_STANDARD = gnu99;
				GCC_WARN_64_TO_32_BIT_CONVERSION = YES;
				GCC_WARN_ABOUT_RETURN_TYPE = YES_ERROR;
				GCC_WARN_UNDECLARED_SELECTOR = YES;
				GCC_WARN_UNINITIALIZED_AUTOS = YES_AGGRESSIVE;
				GCC_WARN_UNUSED_FUNCTION = YES;
				GCC_WARN_UNUSED_VARIABLE = YES;
				IPHONEOS_DEPLOYMENT_TARGET = 8.2;
				MTL_ENABLE_DEBUG_INFO = NO;
				SDKROOT = iphoneos;
				VALIDATE_PRODUCT = YES;
			};
			name = Release;
		};
		1768C9FE1AB9B1E200ADE3AB /* Debug */ = {
			isa = XCBuildConfiguration;
			buildSettings = {
				ASSETCATALOG_COMPILER_APPICON_NAME = AppIcon;
				INFOPLIST_FILE = iWatchTableView/Info.plist;
				LD_RUNPATH_SEARCH_PATHS = "$(inherited) @executable_path/Frameworks";
				PRODUCT_NAME = "$(TARGET_NAME)";
			};
			name = Debug;
		};
		1768C9FF1AB9B1E200ADE3AB /* Release */ = {
			isa = XCBuildConfiguration;
			buildSettings = {
				ASSETCATALOG_COMPILER_APPICON_NAME = AppIcon;
				INFOPLIST_FILE = iWatchTableView/Info.plist;
				LD_RUNPATH_SEARCH_PATHS = "$(inherited) @executable_path/Frameworks";
				PRODUCT_NAME = "$(TARGET_NAME)";
			};
			name = Release;
		};
		1768CA011AB9B1E200ADE3AB /* Debug */ = {
			isa = XCBuildConfiguration;
			buildSettings = {
				BUNDLE_LOADER = "$(TEST_HOST)";
				FRAMEWORK_SEARCH_PATHS = (
					"$(SDKROOT)/Developer/Library/Frameworks",
					"$(inherited)",
				);
				GCC_PREPROCESSOR_DEFINITIONS = (
					"DEBUG=1",
					"$(inherited)",
				);
				INFOPLIST_FILE = iWatchTableViewTests/Info.plist;
				LD_RUNPATH_SEARCH_PATHS = "$(inherited) @executable_path/Frameworks @loader_path/Frameworks";
				PRODUCT_NAME = "$(TARGET_NAME)";
				TEST_HOST = "$(BUILT_PRODUCTS_DIR)/iWatchTableView.app/iWatchTableView";
			};
			name = Debug;
		};
		1768CA021AB9B1E200ADE3AB /* Release */ = {
			isa = XCBuildConfiguration;
			buildSettings = {
				BUNDLE_LOADER = "$(TEST_HOST)";
				FRAMEWORK_SEARCH_PATHS = (
					"$(SDKROOT)/Developer/Library/Frameworks",
					"$(inherited)",
				);
				INFOPLIST_FILE = iWatchTableViewTests/Info.plist;
				LD_RUNPATH_SEARCH_PATHS = "$(inherited) @executable_path/Frameworks @loader_path/Frameworks";
				PRODUCT_NAME = "$(TARGET_NAME)";
				TEST_HOST = "$(BUILT_PRODUCTS_DIR)/iWatchTableView.app/iWatchTableView";
			};
			name = Release;
		};
		1768CA261AB9B20600ADE3AB /* Debug */ = {
			isa = XCBuildConfiguration;
			buildSettings = {
				ASSETCATALOG_COMPILER_APPICON_NAME = AppIcon;
				GCC_PREPROCESSOR_DEFINITIONS = (
					"DEBUG=1",
					"$(inherited)",
				);
				IBSC_MODULE = iWatchTableView_WatchKit_Extension;
				INFOPLIST_FILE = "iWatchTableView WatchKit App/Info.plist";
				PRODUCT_NAME = "$(TARGET_NAME)";
				SKIP_INSTALL = YES;
				TARGETED_DEVICE_FAMILY = 4;
				"TARGETED_DEVICE_FAMILY[sdk=iphonesimulator*]" = "1,4";
			};
			name = Debug;
		};
		1768CA271AB9B20600ADE3AB /* Release */ = {
			isa = XCBuildConfiguration;
			buildSettings = {
				ASSETCATALOG_COMPILER_APPICON_NAME = AppIcon;
				IBSC_MODULE = iWatchTableView_WatchKit_Extension;
				INFOPLIST_FILE = "iWatchTableView WatchKit App/Info.plist";
				PRODUCT_NAME = "$(TARGET_NAME)";
				SKIP_INSTALL = YES;
				TARGETED_DEVICE_FAMILY = 4;
				"TARGETED_DEVICE_FAMILY[sdk=iphonesimulator*]" = "1,4";
			};
			name = Release;
		};
		1768CA291AB9B20600ADE3AB /* Debug */ = {
			isa = XCBuildConfiguration;
			buildSettings = {
				GCC_PREPROCESSOR_DEFINITIONS = (
					"DEBUG=1",
					"$(inherited)",
				);
				INFOPLIST_FILE = "iWatchTableView WatchKit Extension/Info.plist";
				LD_RUNPATH_SEARCH_PATHS = "$(inherited) @executable_path/Frameworks @executable_path/../../Frameworks";
				PRODUCT_NAME = "${TARGET_NAME}";
				SKIP_INSTALL = YES;
			};
			name = Debug;
		};
		1768CA2A1AB9B20600ADE3AB /* Release */ = {
			isa = XCBuildConfiguration;
			buildSettings = {
				INFOPLIST_FILE = "iWatchTableView WatchKit Extension/Info.plist";
				LD_RUNPATH_SEARCH_PATHS = "$(inherited) @executable_path/Frameworks @executable_path/../../Frameworks";
				PRODUCT_NAME = "${TARGET_NAME}";
				SKIP_INSTALL = YES;
			};
			name = Release;
		};
/* End XCBuildConfiguration section */

/* Begin XCConfigurationList section */
		1768C9D51AB9B1E100ADE3AB /* Build configuration list for PBXProject "iWatchTableView" */ = {
			isa = XCConfigurationList;
			buildConfigurations = (
				1768C9FB1AB9B1E200ADE3AB /* Debug */,
				1768C9FC1AB9B1E200ADE3AB /* Release */,
			);
			defaultConfigurationIsVisible = 0;
			defaultConfigurationName = Release;
		};
		1768C9FD1AB9B1E200ADE3AB /* Build configuration list for PBXNativeTarget "iWatchTableView" */ = {
			isa = XCConfigurationList;
			buildConfigurations = (
				1768C9FE1AB9B1E200ADE3AB /* Debug */,
				1768C9FF1AB9B1E200ADE3AB /* Release */,
			);
			defaultConfigurationIsVisible = 0;
			defaultConfigurationName = Release;
		};
		1768CA001AB9B1E200ADE3AB /* Build configuration list for PBXNativeTarget "iWatchTableViewTests" */ = {
			isa = XCConfigurationList;
			buildConfigurations = (
				1768CA011AB9B1E200ADE3AB /* Debug */,
				1768CA021AB9B1E200ADE3AB /* Release */,
			);
			defaultConfigurationIsVisible = 0;
			defaultConfigurationName = Release;
		};
		1768CA251AB9B20600ADE3AB /* Build configuration list for PBXNativeTarget "iWatchTableView WatchKit App" */ = {
			isa = XCConfigurationList;
			buildConfigurations = (
				1768CA261AB9B20600ADE3AB /* Debug */,
				1768CA271AB9B20600ADE3AB /* Release */,
			);
			defaultConfigurationIsVisible = 0;
			defaultConfigurationName = Release;
		};
		1768CA281AB9B20600ADE3AB /* Build configuration list for PBXNativeTarget "iWatchTableView WatchKit Extension" */ = {
			isa = XCConfigurationList;
			buildConfigurations = (
				1768CA291AB9B20600ADE3AB /* Debug */,
				1768CA2A1AB9B20600ADE3AB /* Release */,
			);
			defaultConfigurationIsVisible = 0;
			defaultConfigurationName = Release;
		};
/* End XCConfigurationList section */
	};
	rootObject = 1768C9D21AB9B1E100ADE3AB /* Project object */;
}
